{
  "name": "example-begin-image",
  "version": "0.0.0",
  "lockfileVersion": 2,
  "requires": true,
  "packages": {
    "": {
      "name": "example-begin-image",
      "version": "0.0.0",
      "license": "ISC",
      "dependencies": {
        "@ryanbethel/arc-image-plugin": "file:../../"
      }
    },
    "../..": {
      "name": "@ryanbethel/arc-image-plugin",
      "version": "0.0.4",
      "license": "ISC",
      "dependencies": {
        "@architect/architect": "^10.0.0-RC.8",
        "@architect/functions": "^5.0.0-RC.2",
        "@squoosh/lib": "^0.4.0",
        "jimp": "^0.16.1",
        "json-stable-stringify": "^1.0.1"
      },
      "devDependencies": {
        "@architect/eslint-config": "^2.0.0",
        "eslint": "^7.11.0",
        "gm": "^1.23.1",
        "image-size": "^1.0.0",
        "image-type": "^4.1.0",
        "tap-arc": "^0.1.0",
        "tape": "^5.3.1",
        "tiny-json-http": "^7.3.1"
      }
    },
    "node_modules/@ryanbethel/arc-image-plugin": {
      "resolved": "../..",
      "link": true
    }
  },
  "dependencies": {
    "@ryanbethel/arc-image-plugin": {
      "version": "file:../..",
      "requires": {
        "@architect/architect": "^10.0.0-RC.8",
        "@architect/eslint-config": "^2.0.0",
        "@architect/functions": "^5.0.0-RC.2",
        "@squoosh/lib": "^0.4.0",
        "eslint": "^7.11.0",
        "gm": "^1.23.1",
        "image-size": "^1.0.0",
        "image-type": "^4.1.0",
        "jimp": "^0.16.1",
        "json-stable-stringify": "^1.0.1",
        "tap-arc": "^0.1.0",
        "tape": "^5.3.1",
        "tiny-json-http": "^7.3.1"
      }
    }
  }
}
